{
  "lockfileVersion": 1,
  "configVersion": 1,
  "workspaces": {
    "": {
      "name": "@nyx/shared",
      "peerDependencies": {
        "@sentry/node": "^10.45.0",
        "minio": "^8",
        "pino": "^10",
      },
    },
  },
  "packages": {
    "@fastify/otel": ["@fastify/otel@0.17.1", "", { "dependencies": { "@opentelemetry/core": "^2.0.0", "@opentelemetry/instrumentation": "^0.212.0", "@opentelemetry/semantic-conventions": "^1.28.0", "minimatch": "^10.2.4" }, "peerDependencies": { "@opentelemetry/api": "^1.9.0" } }, "sha512-K4wyxfUZx2ux5o+b6BtTqouYFVILohLZmSbA2tKUueJstNcBnoGPVhllCaOvbQ3ZrXdUxUC/fyrSWSCqHhdOPg=="],

    "@opentelemetry/api": ["@opentelemetry/api@1.9.0", "", {}, "sha512-3giAOQvZiH5F9bMlMiv8+GSPMeqg0dbaeo58/0SlA9sxSqZhnUtxzX9/2FzyhS9sWQf5S0GJE0AKBrFqjpeYcg=="],

    "@opentelemetry/api-logs": ["@opentelemetry/api-logs@0.213.0", "", { "dependencies": { "@opentelemetry/api": "^1.3.0" } }, "sha512-zRM5/Qj6G84Ej3F1yt33xBVY/3tnMxtL1fiDIxYbDWYaZ/eudVw3/PBiZ8G7JwUxXxjW8gU4g6LnOyfGKYHYgw=="],

    "@opentelemetry/context-async-hooks": ["@opentelemetry/context-async-hooks@2.6.0", "", { "peerDependencies": { "@opentelemetry/api": ">=1.0.0 <1.10.0" } }, "sha512-L8UyDwqpTcbkIK5cgwDRDYDoEhQoj8wp8BwsO19w3LB1Z41yEQm2VJyNfAi9DrLP/YTqXqWpKHyZfR9/tFYo1Q=="],

    "@opentelemetry/core": ["@opentelemetry/core@2.6.0", "", { "dependencies": { "@opentelemetry/semantic-conventions": "^1.29.0" }, "peerDependencies": { "@opentelemetry/api": ">=1.0.0 <1.10.0" } }, "sha512-HLM1v2cbZ4TgYN6KEOj+Bbj8rAKriOdkF9Ed3tG25FoprSiQl7kYc+RRT6fUZGOvx0oMi5U67GoFdT+XUn8zEg=="],

    "@opentelemetry/instrumentation": ["@opentelemetry/instrumentation@0.213.0", "", { "dependencies": { "@opentelemetry/api-logs": "0.213.0", "import-in-the-middle": "^3.0.0", "require-in-the-middle": "^8.0.0" }, "peerDependencies": { "@opentelemetry/api": "^1.3.0" } }, "sha512-3i9NdkET/KvQomeh7UaR/F4r9P25Rx6ooALlWXPIjypcEOUxksCmVu0zA70NBJWlrMW1rPr/LRidFAflLI+s/w=="],

    "@opentelemetry/instrumentation-amqplib": ["@opentelemetry/instrumentation-amqplib@0.60.0", "", { "dependencies": { "@opentelemetry/core": "^2.0.0", "@opentelemetry/instrumentation": "^0.213.0", "@opentelemetry/semantic-conventions": "^1.33.0" }, "peerDependencies": { "@opentelemetry/api": "^1.3.0" } }, "sha512-q/B2IvoVXRm1M00MvhnzpMN6rKYOszPXVsALi6u0ss4AYHe+TidZEtLW9N1ZhrobI1dSriHnBqqtAOZVAv07sg=="],

    "@opentelemetry/instrumentation-connect": ["@opentelemetry/instrumentation-connect@0.56.0", "", { "dependencies": { "@opentelemetry/core": "^2.0.0", "@opentelemetry/instrumentation": "^0.213.0", "@opentelemetry/semantic-conventions": "^1.27.0", "@types/connect": "3.4.38" }, "peerDependencies": { "@opentelemetry/api": "^1.3.0" } }, "sha512-PKp+sSZ7AfzMvGgO3VCyo1inwNu+q7A1k9X88WK4PQ+S6Hp7eFk8pie+sWHDTaARovmqq5V2osav3lQej2B0nw=="],

    "@opentelemetry/instrumentation-dataloader": ["@opentelemetry/instrumentation-dataloader@0.30.0", "", { "dependencies": { "@opentelemetry/instrumentation": "^0.213.0" }, "peerDependencies": { "@opentelemetry/api": "^1.3.0" } }, "sha512-MXHP2Q38cd2OhzEBKAIXUi9uBlPEYzF6BNJbyjUXBQ6kLaf93kRC41vNMIz0Nl5mnuwK7fDvKT+/lpx7BXRwdg=="],

    "@opentelemetry/instrumentation-express": ["@opentelemetry/instrumentation-express@0.61.0", "", { "dependencies": { "@opentelemetry/core": "^2.0.0", "@opentelemetry/instrumentation": "^0.213.0", "@opentelemetry/semantic-conventions": "^1.27.0" }, "peerDependencies": { "@opentelemetry/api": "^1.3.0" } }, "sha512-Xdmqo9RZuZlL29Flg8QdwrrX7eW1CZ7wFQPKHyXljNymgKhN1MCsYuqQ/7uxavhSKwAl7WxkTzKhnqpUApLMvQ=="],

    "@opentelemetry/instrumentation-fs": ["@opentelemetry/instrumentation-fs@0.32.0", "", { "dependencies": { "@opentelemetry/core": "^2.0.0", "@opentelemetry/instrumentation": "^0.213.0" }, "peerDependencies": { "@opentelemetry/api": "^1.3.0" } }, "sha512-koR6apx0g0wX6RRiPpjA4AFQUQUbXrK16kq4/SZjVp7u5cffJhNkY4TnITxcGA4acGSPYAfx3NHRIv4Khn1axQ=="],

    "@opentelemetry/instrumentation-generic-pool": ["@opentelemetry/instrumentation-generic-pool@0.56.0", "", { "dependencies": { "@opentelemetry/instrumentation": "^0.213.0" }, "peerDependencies": { "@opentelemetry/api": "^1.3.0" } }, "sha512-fg+Jffs6fqrf0uQS0hom7qBFKsbtpBiBl8+Vkc63Gx8xh6pVh+FhagmiO6oM0m3vyb683t1lP7yGYq22SiDnqg=="],

    "@opentelemetry/instrumentation-graphql": ["@opentelemetry/instrumentation-graphql@0.61.0", "", { "dependencies": { "@opentelemetry/instrumentation": "^0.213.0" }, "peerDependencies": { "@opentelemetry/api": "^1.3.0" } }, "sha512-pUiVASv6nh2XrerTvlbVHh7vKFzscpgwiQ/xvnZuAIzQ5lRjWVdRPUuXbvZJ/Yq79QsE81TZdJ7z9YsXiss1ew=="],

    "@opentelemetry/instrumentation-hapi": ["@opentelemetry/instrumentation-hapi@0.59.0", "", { "dependencies": { "@opentelemetry/core": "^2.0.0", "@opentelemetry/instrumentation": "^0.213.0", "@opentelemetry/semantic-conventions": "^1.27.0" }, "peerDependencies": { "@opentelemetry/api": "^1.3.0" } }, "sha512-33wa4mEr+9+ztwdgLor1SeBu4Opz4IsmpcLETXAd3VmBrOjez8uQtrsOhPCa5Vhbm5gzDlMYTgFRLQzf8/YHFA=="],

    "@opentelemetry/instrumentation-http": ["@opentelemetry/instrumentation-http@0.213.0", "", { "dependencies": { "@opentelemetry/core": "2.6.0", "@opentelemetry/instrumentation": "0.213.0", "@opentelemetry/semantic-conventions": "^1.29.0", "forwarded-parse": "2.1.2" }, "peerDependencies": { "@opentelemetry/api": "^1.3.0" } }, "sha512-B978Xsm5XEPGhm1P07grDoaOFLHapJPkOG9h016cJsyWWxmiLnPu2M/4Nrm7UCkHSiLnkXgC+zVGUAIahy8EEA=="],

    "@opentelemetry/instrumentation-ioredis": ["@opentelemetry/instrumentation-ioredis@0.61.0", "", { "dependencies": { "@opentelemetry/instrumentation": "^0.213.0", "@opentelemetry/redis-common": "^0.38.2", "@opentelemetry/semantic-conventions": "^1.33.0" }, "peerDependencies": { "@opentelemetry/api": "^1.3.0" } }, "sha512-hsHDadUtAFbws1YSDc1XW0svGFKiUbqv2td1Cby+UAiwvojm1NyBo/taifH0t8CuFZ0x/2SDm0iuTwrM5pnVOg=="],

    "@opentelemetry/instrumentation-kafkajs": ["@opentelemetry/instrumentation-kafkajs@0.22.0", "", { "dependencies": { "@opentelemetry/instrumentation": "^0.213.0", "@opentelemetry/semantic-conventions": "^1.30.0" }, "peerDependencies": { "@opentelemetry/api": "^1.3.0" } }, "sha512-wJU4IBQMUikdJAcTChLFqK5lo+flo7pahqd8DSLv7uMxsdOdAHj6RzKYAm8pPfUS6ItKYutYyuicwKaFwQKsoA=="],

    "@opentelemetry/instrumentation-knex": ["@opentelemetry/instrumentation-knex@0.57.0", "", { "dependencies": { "@opentelemetry/instrumentation": "^0.213.0", "@opentelemetry/semantic-conventions": "^1.33.1" }, "peerDependencies": { "@opentelemetry/api": "^1.3.0" } }, "sha512-vMCSh8kolEm5rRsc+FZeTZymWmIJwc40hjIKnXH4O0Dv/gAkJJIRXCsPX5cPbe0c0j/34+PsENd0HqKruwhVYw=="],

    "@opentelemetry/instrumentation-koa": ["@opentelemetry/instrumentation-koa@0.61.0", "", { "dependencies": { "@opentelemetry/core": "^2.0.0", "@opentelemetry/instrumentation": "^0.213.0", "@opentelemetry/semantic-conventions": "^1.36.0" }, "peerDependencies": { "@opentelemetry/api": "^1.9.0" } }, "sha512-lvrfWe9ShK/D2X4brmx8ZqqeWPfRl8xekU0FCn7C1dHm5k6+rTOOi36+4fnaHAP8lig9Ux6XQ1D4RNIpPCt1WQ=="],

    "@opentelemetry/instrumentation-lru-memoizer": ["@opentelemetry/instrumentation-lru-memoizer@0.57.0", "", { "dependencies": { "@opentelemetry/instrumentation": "^0.213.0" }, "peerDependencies": { "@opentelemetry/api": "^1.3.0" } }, "sha512-cEqpUocSKJfwDtLYTTJehRLWzkZ2eoePCxfVIgGkGkb83fMB71O+y4MvRHJPbeV2bdoWdOVrl8uO0+EynWhTEA=="],

    "@opentelemetry/instrumentation-mongodb": ["@opentelemetry/instrumentation-mongodb@0.66.0", "", { "dependencies": { "@opentelemetry/instrumentation": "^0.213.0", "@opentelemetry/semantic-conventions": "^1.33.0" }, "peerDependencies": { "@opentelemetry/api": "^1.3.0" } }, "sha512-d7m9QnAY+4TCWI4q1QRkfrc6fo/92VwssaB1DzQfXNRvu51b78P+HJlWP7Qg6N6nkwdb9faMZNBCZJfftmszkw=="],

    "@opentelemetry/instrumentation-mongoose": ["@opentelemetry/instrumentation-mongoose@0.59.0", "", { "dependencies": { "@opentelemetry/core": "^2.0.0", "@opentelemetry/instrumentation": "^0.213.0", "@opentelemetry/semantic-conventions": "^1.33.0" }, "peerDependencies": { "@opentelemetry/api": "^1.3.0" } }, "sha512-6/jWU+c1NgznkVLDU/2y0bXV2nJo3o9FWZ9mZ9nN6T/JBNRoMnVXZl2FdBmgH+a5MwaWLs5kmRJTP5oUVGIkPw=="],

    "@opentelemetry/instrumentation-mysql": ["@opentelemetry/instrumentation-mysql@0.59.0", "", { "dependencies": { "@opentelemetry/instrumentation": "^0.213.0", "@opentelemetry/semantic-conventions": "^1.33.0", "@types/mysql": "2.15.27" }, "peerDependencies": { "@opentelemetry/api": "^1.3.0" } }, "sha512-r+V/Fh0sm7Ga8/zk/TI5H5FQRAjwr0RrpfPf8kNIehlsKf12XnvIaZi8ViZkpX0gyPEpLXqzqWD6QHlgObgzZw=="],

    "@opentelemetry/instrumentation-mysql2": ["@opentelemetry/instrumentation-mysql2@0.59.0", "", { "dependencies": { "@opentelemetry/instrumentation": "^0.213.0", "@opentelemetry/semantic-conventions": "^1.33.0", "@opentelemetry/sql-common": "^0.41.2" }, "peerDependencies": { "@opentelemetry/api": "^1.3.0" } }, "sha512-n9/xrVCRBfG9egVbffnlU1uhr+HX0vF4GgtAB/Bvm48wpFgRidqD8msBMiym1kRYzmpWvJqTxNT47u1MkgBEdw=="],

    "@opentelemetry/instrumentation-pg": ["@opentelemetry/instrumentation-pg@0.65.0", "", { "dependencies": { "@opentelemetry/core": "^2.0.0", "@opentelemetry/instrumentation": "^0.213.0", "@opentelemetry/semantic-conventions": "^1.34.0", "@opentelemetry/sql-common": "^0.41.2", "@types/pg": "8.15.6", "@types/pg-pool": "2.0.7" }, "peerDependencies": { "@opentelemetry/api": "^1.3.0" } }, "sha512-W0zpHEIEuyZ8zvb3njaX9AAbHgPYOsSWVOoWmv1sjVRSF6ZpBqtlxBWbU+6hhq1TFWBeWJOXZ8nZS/PUFpLJYQ=="],

    "@opentelemetry/instrumentation-redis": ["@opentelemetry/instrumentation-redis@0.61.0", "", { "dependencies": { "@opentelemetry/instrumentation": "^0.213.0", "@opentelemetry/redis-common": "^0.38.2", "@opentelemetry/semantic-conventions": "^1.27.0" }, "peerDependencies": { "@opentelemetry/api": "^1.3.0" } }, "sha512-JnPexA034/0UJRsvH96B0erQoNOqKJZjE2ZRSw9hiTSC23LzE0nJE/u6D+xqOhgUhRnhhcPHq4MdYtmUdYTF+Q=="],

    "@opentelemetry/instrumentation-tedious": ["@opentelemetry/instrumentation-tedious@0.32.0", "", { "dependencies": { "@opentelemetry/instrumentation": "^0.213.0", "@opentelemetry/semantic-conventions": "^1.33.0", "@types/tedious": "^4.0.14" }, "peerDependencies": { "@opentelemetry/api": "^1.3.0" } }, "sha512-BQS6gG8RJ1foEqfEZ+wxoqlwfCAzb1ZVG0ad8Gfe4x8T658HJCLGLd4E4NaoQd8EvPfLqOXgzGaE/2U4ytDSWA=="],

    "@opentelemetry/instrumentation-undici": ["@opentelemetry/instrumentation-undici@0.23.0", "", { "dependencies": { "@opentelemetry/core": "^2.0.0", "@opentelemetry/instrumentation": "^0.213.0", "@opentelemetry/semantic-conventions": "^1.24.0" }, "peerDependencies": { "@opentelemetry/api": "^1.7.0" } }, "sha512-LL0VySzKVR2cJSFVZaTYpZl1XTpBGnfzoQPe2W7McS2267ldsaEIqtQY6VXs2KCXN0poFjze5110PIpxHDaDGg=="],

    "@opentelemetry/redis-common": ["@opentelemetry/redis-common@0.38.2", "", {}, "sha512-1BCcU93iwSRZvDAgwUxC/DV4T/406SkMfxGqu5ojc3AvNI+I9GhV7v0J1HljsczuuhcnFLYqD5VmwVXfCGHzxA=="],

    "@opentelemetry/resources": ["@opentelemetry/resources@2.6.0", "", { "dependencies": { "@opentelemetry/core": "2.6.0", "@opentelemetry/semantic-conventions": "^1.29.0" }, "peerDependencies": { "@opentelemetry/api": ">=1.3.0 <1.10.0" } }, "sha512-D4y/+OGe3JSuYUCBxtH5T9DSAWNcvCb/nQWIga8HNtXTVPQn59j0nTBAgaAXxUVBDl40mG3Tc76b46wPlZaiJQ=="],

    "@opentelemetry/sdk-trace-base": ["@opentelemetry/sdk-trace-base@2.6.0", "", { "dependencies": { "@opentelemetry/core": "2.6.0", "@opentelemetry/resources": "2.6.0", "@opentelemetry/semantic-conventions": "^1.29.0" }, "peerDependencies": { "@opentelemetry/api": ">=1.3.0 <1.10.0" } }, "sha512-g/OZVkqlxllgFM7qMKqbPV9c1DUPhQ7d4n3pgZFcrnrNft9eJXZM2TNHTPYREJBrtNdRytYyvwjgL5geDKl3EQ=="],

    "@opentelemetry/semantic-conventions": ["@opentelemetry/semantic-conventions@1.40.0", "", {}, "sha512-cifvXDhcqMwwTlTK04GBNeIe7yyo28Mfby85QXFe1Yk8nmi36Ab/5UQwptOx84SsoGNRg+EVSjwzfSZMy6pmlw=="],

    "@opentelemetry/sql-common": ["@opentelemetry/sql-common@0.41.2", "", { "dependencies": { "@opentelemetry/core": "^2.0.0" }, "peerDependencies": { "@opentelemetry/api": "^1.1.0" } }, "sha512-4mhWm3Z8z+i508zQJ7r6Xi7y4mmoJpdvH0fZPFRkWrdp5fq7hhZ2HhYokEOLkfqSMgPR4Z9EyB3DBkbKGOqZiQ=="],

    "@pinojs/redact": ["@pinojs/redact@0.4.0", "", {}, "sha512-k2ENnmBugE/rzQfEcdWHcCY+/FM3VLzH9cYEsbdsoqrvzAKRhUZeRNhAZvB8OitQJ1TBed3yqWtdjzS6wJKBwg=="],

    "@prisma/instrumentation": ["@prisma/instrumentation@7.4.2", "", { "dependencies": { "@opentelemetry/instrumentation": "^0.207.0" }, "peerDependencies": { "@opentelemetry/api": "^1.8" } }, "sha512-r9JfchJF1Ae6yAxcaLu/V1TGqBhAuSDe3mRNOssBfx1rMzfZ4fdNvrgUBwyb/TNTGXFxlH9AZix5P257x07nrg=="],

    "@sentry/core": ["@sentry/core@10.45.0", "", {}, "sha512-s69UXxvefeQxuZ5nY7/THtTrIEvJxNVCp3ns4kwoCw1qMpgpvn/296WCKVmM7MiwnaAdzEKnAvLAwaxZc2nM7Q=="],

    "@sentry/node": ["@sentry/node@10.45.0", "", { "dependencies": { "@fastify/otel": "0.17.1", "@opentelemetry/api": "^1.9.0", "@opentelemetry/context-async-hooks": "^2.6.0", "@opentelemetry/core": "^2.6.0", "@opentelemetry/instrumentation": "^0.213.0", "@opentelemetry/instrumentation-amqplib": "0.60.0", "@opentelemetry/instrumentation-connect": "0.56.0", "@opentelemetry/instrumentation-dataloader": "0.30.0", "@opentelemetry/instrumentation-express": "0.61.0", "@opentelemetry/instrumentation-fs": "0.32.0", "@opentelemetry/instrumentation-generic-pool": "0.56.0", "@opentelemetry/instrumentation-graphql": "0.61.0", "@opentelemetry/instrumentation-hapi": "0.59.0", "@opentelemetry/instrumentation-http": "0.213.0", "@opentelemetry/instrumentation-ioredis": "0.61.0", "@opentelemetry/instrumentation-kafkajs": "0.22.0", "@opentelemetry/instrumentation-knex": "0.57.0", "@opentelemetry/instrumentation-koa": "0.61.0", "@opentelemetry/instrumentation-lru-memoizer": "0.57.0", "@opentelemetry/instrumentation-mongodb": "0.66.0", "@opentelemetry/instrumentation-mongoose": "0.59.0", "@opentelemetry/instrumentation-mysql": "0.59.0", "@opentelemetry/instrumentation-mysql2": "0.59.0", "@opentelemetry/instrumentation-pg": "0.65.0", "@opentelemetry/instrumentation-redis": "0.61.0", "@opentelemetry/instrumentation-tedious": "0.32.0", "@opentelemetry/instrumentation-undici": "0.23.0", "@opentelemetry/resources": "^2.6.0", "@opentelemetry/sdk-trace-base": "^2.6.0", "@opentelemetry/semantic-conventions": "^1.40.0", "@prisma/instrumentation": "7.4.2", "@sentry/core": "10.45.0", "@sentry/node-core": "10.45.0", "@sentry/opentelemetry": "10.45.0", "import-in-the-middle": "^3.0.0" } }, "sha512-Kpiq9lRGnJc1ex8SwxOBl+FLQNl4Y137BydVooP7AFiAYZ6ftwHsIEF1bcYXaipHMT1YHS2bdhC2UQaaB2jkuQ=="],

    "@sentry/node-core": ["@sentry/node-core@10.45.0", "", { "dependencies": { "@sentry/core": "10.45.0", "@sentry/opentelemetry": "10.45.0", "import-in-the-middle": "^3.0.0" }, "peerDependencies": { "@opentelemetry/api": "^1.9.0", "@opentelemetry/context-async-hooks": "^1.30.1 || ^2.1.0", "@opentelemetry/core": "^1.30.1 || ^2.1.0", "@opentelemetry/instrumentation": ">=0.57.1 <1", "@opentelemetry/resources": "^1.30.1 || ^2.1.0", "@opentelemetry/sdk-trace-base": "^1.30.1 || ^2.1.0", "@opentelemetry/semantic-conventions": "^1.39.0" }, "optionalPeers": ["@opentelemetry/api", "@opentelemetry/context-async-hooks", "@opentelemetry/core", "@opentelemetry/instrumentation", "@opentelemetry/resources", "@opentelemetry/sdk-trace-base", "@opentelemetry/semantic-conventions"] }, "sha512-KQZEvLKM344+EqXiA9HIzWbW5hzq6/9nnFUQ8niaBPoOgR9AiJhrccfIscfgb8vjkriiEtzE03OW/4h1CTgZ3Q=="],

    "@sentry/opentelemetry": ["@sentry/opentelemetry@10.45.0", "", { "dependencies": { "@sentry/core": "10.45.0" }, "peerDependencies": { "@opentelemetry/api": "^1.9.0", "@opentelemetry/context-async-hooks": "^1.30.1 || ^2.1.0", "@opentelemetry/core": "^1.30.1 || ^2.1.0", "@opentelemetry/sdk-trace-base": "^1.30.1 || ^2.1.0", "@opentelemetry/semantic-conventions": "^1.39.0" } }, "sha512-PmuGO+p/gC3ZQ8ddOeJ5P9ApnTTm35i12Bpuyb13AckCbNSJFvG2ggZda35JQOmiFU0kKYiwkoFAa8Mvj9od3Q=="],

    "@types/connect": ["@types/connect@3.4.38", "", { "dependencies": { "@types/node": "*" } }, "sha512-K6uROf1LD88uDQqJCktA4yzL1YYAK6NgfsI0v/mTgyPKWsX1CnJ0XPSDhViejru1GcRkLWb8RlzFYJRqGUbaug=="],

    "@types/mysql": ["@types/mysql@2.15.27", "", { "dependencies": { "@types/node": "*" } }, "sha512-YfWiV16IY0OeBfBCk8+hXKmdTKrKlwKN1MNKAPBu5JYxLwBEZl7QzeEpGnlZb3VMGJrrGmB84gXiH+ofs/TezA=="],

    "@types/node": ["@types/node@25.5.0", "", { "dependencies": { "undici-types": "~7.18.0" } }, "sha512-jp2P3tQMSxWugkCUKLRPVUpGaL5MVFwF8RDuSRztfwgN1wmqJeMSbKlnEtQqU8UrhTmzEmZdu2I6v2dpp7XIxw=="],

    "@types/pg": ["@types/pg@8.15.6", "", { "dependencies": { "@types/node": "*", "pg-protocol": "*", "pg-types": "^2.2.0" } }, "sha512-NoaMtzhxOrubeL/7UZuNTrejB4MPAJ0RpxZqXQf2qXuVlTPuG6Y8p4u9dKRaue4yjmC7ZhzVO2/Yyyn25znrPQ=="],

    "@types/pg-pool": ["@types/pg-pool@2.0.7", "", { "dependencies": { "@types/pg": "*" } }, "sha512-U4CwmGVQcbEuqpyju8/ptOKg6gEC+Tqsvj2xS9o1g71bUh8twxnC6ZL5rZKCsGN0iyH0CwgUyc9VR5owNQF9Ng=="],

    "@types/tedious": ["@types/tedious@4.0.14", "", { "dependencies": { "@types/node": "*" } }, "sha512-KHPsfX/FoVbUGbyYvk1q9MMQHLPeRZhRJZdO45Q4YjvFkv4hMNghCWTvy7rdKessBsmtz4euWCWAB6/tVpI1Iw=="],

    "acorn": ["acorn@8.16.0", "", { "bin": { "acorn": "bin/acorn" } }, "sha512-UVJyE9MttOsBQIDKw1skb9nAwQuR5wuGD3+82K6JgJlm/Y+KI92oNsMNGZCYdDsVtRHSak0pcV5Dno5+4jh9sw=="],

    "acorn-import-attributes": ["acorn-import-attributes@1.9.5", "", { "peerDependencies": { "acorn": "^8" } }, "sha512-n02Vykv5uA3eHGM/Z2dQrcD56kL8TyDb2p1+0P83PClMnC/nc+anbQRhIOWnSq4Ke/KvDPrY3C9hDtC/A3eHnQ=="],

    "async": ["async@3.2.6", "", {}, "sha512-htCUDlxyyCLMgaM3xXg0C0LW2xqfuQ6p05pCEIsXuyQ+a1koYKTuBMzRNwmybfLgvJDMd0r1LTn4+E0Ti6C2AA=="],

    "atomic-sleep": ["atomic-sleep@1.0.0", "", {}, "sha512-kNOjDqAh7px0XWNI+4QbzoiR/nTkHAWNud2uvnJquD1/x5a7EQZMJT0AczqK0Qn67oY/TTQ1LbUKajZpp3I9tQ=="],

    "balanced-match": ["balanced-match@4.0.4", "", {}, "sha512-BLrgEcRTwX2o6gGxGOCNyMvGSp35YofuYzw9h1IMTRmKqttAZZVU67bdb9Pr2vUHA8+j3i2tJfjO6C6+4myGTA=="],

    "block-stream2": ["block-stream2@2.1.0", "", { "dependencies": { "readable-stream": "^3.4.0" } }, "sha512-suhjmLI57Ewpmq00qaygS8UgEq2ly2PCItenIyhMqVjo4t4pGzqMvfgJuX8iWTeSDdfSSqS6j38fL4ToNL7Pfg=="],

    "brace-expansion": ["brace-expansion@5.0.5", "", { "dependencies": { "balanced-match": "^4.0.2" } }, "sha512-VZznLgtwhn+Mact9tfiwx64fA9erHH/MCXEUfB/0bX/6Fz6ny5EGTXYltMocqg4xFAQZtnO3DHWWXi8RiuN7cQ=="],

    "browser-or-node": ["browser-or-node@2.1.1", "", {}, "sha512-8CVjaLJGuSKMVTxJ2DpBl5XnlNDiT4cQFeuCJJrvJmts9YrTZDizTX7PjC2s6W4x+MBGZeEY6dGMrF04/6Hgqg=="],

    "buffer-crc32": ["buffer-crc32@1.0.0", "", {}, "sha512-Db1SbgBS/fg/392AblrMJk97KggmvYhr4pB5ZIMTWtaivCPMWLkmb7m21cJvpvgK+J3nsU2CmmixNBZx4vFj/w=="],

    "cjs-module-lexer": ["cjs-module-lexer@2.2.0", "", {}, "sha512-4bHTS2YuzUvtoLjdy+98ykbNB5jS0+07EvFNXerqZQJ89F7DI6ET7OQo/HJuW6K0aVsKA9hj9/RVb2kQVOrPDQ=="],

    "debug": ["debug@4.4.3", "", { "dependencies": { "ms": "^2.1.3" } }, "sha512-RGwwWnwQvkVfavKVt22FGLw+xYSdzARwm0ru6DhTVA3umU5hZc28V3kO4stgYryrTlLpuvgI9GiijltAjNbcqA=="],

    "decode-uri-component": ["decode-uri-component@0.2.2", "", {}, "sha512-FqUYQ+8o158GyGTrMFJms9qh3CqTKvAqgqsTnkLI8sKu0028orqBhxNMFkFen0zGyg6epACD32pjVk58ngIErQ=="],

    "eventemitter3": ["eventemitter3@5.0.4", "", {}, "sha512-mlsTRyGaPBjPedk6Bvw+aqbsXDtoAyAzm5MO7JgU+yVRyMQ5O8bD4Kcci7BS85f93veegeCPkL8R4GLClnjLFw=="],

    "fast-xml-builder": ["fast-xml-builder@1.1.4", "", { "dependencies": { "path-expression-matcher": "^1.1.3" } }, "sha512-f2jhpN4Eccy0/Uz9csxh3Nu6q4ErKxf0XIsasomfOihuSUa3/xw6w8dnOtCDgEItQFJG8KyXPzQXzcODDrrbOg=="],

    "fast-xml-parser": ["fast-xml-parser@5.5.9", "", { "dependencies": { "fast-xml-builder": "^1.1.4", "path-expression-matcher": "^1.2.0", "strnum": "^2.2.2" }, "bin": { "fxparser": "src/cli/cli.js" } }, "sha512-jldvxr1MC6rtiZKgrFnDSvT8xuH+eJqxqOBThUVjYrxssYTo1avZLGql5l0a0BAERR01CadYzZ83kVEkbyDg+g=="],

    "filter-obj": ["filter-obj@1.1.0", "", {}, "sha512-8rXg1ZnX7xzy2NGDVkBVaAy+lSlPNwad13BtgSlLuxfIslyt5Vg64U7tFcCt4WS1R0hvtnQybT/IyCkGZ3DpXQ=="],

    "forwarded-parse": ["forwarded-parse@2.1.2", "", {}, "sha512-alTFZZQDKMporBH77856pXgzhEzaUVmLCDk+egLgIgHst3Tpndzz8MnKe+GzRJRfvVdn69HhpW7cmXzvtLvJAw=="],

    "import-in-the-middle": ["import-in-the-middle@3.0.0", "", { "dependencies": { "acorn": "^8.15.0", "acorn-import-attributes": "^1.9.5", "cjs-module-lexer": "^2.2.0", "module-details-from-path": "^1.0.4" } }, "sha512-OnGy+eYT7wVejH2XWgLRgbmzujhhVIATQH0ztIeRilwHBjTeG3pD+XnH3PKX0r9gJ0BuJmJ68q/oh9qgXnNDQg=="],

    "inherits": ["inherits@2.0.4", "", {}, "sha512-k/vGaX4/Yla3WzyMCvTQOXYeIHvqOKtnqBduzTHpzpQZzAskKMhZ2K+EnBiSM9zGSoIFeMpXKxa4dYeZIQqewQ=="],

    "ipaddr.js": ["ipaddr.js@2.3.0", "", {}, "sha512-Zv/pA+ciVFbCSBBjGfaKUya/CcGmUHzTydLMaTwrUUEM2DIEO3iZvueGxmacvmN50fGpGVKeTXpb2LcYQxeVdg=="],

    "lodash": ["lodash@4.17.23", "", {}, "sha512-LgVTMpQtIopCi79SJeDiP0TfWi5CNEc/L/aRdTh3yIvmZXTnheWpKjSZhnvMl8iXbC1tFg9gdHHDMLoV7CnG+w=="],

    "mime-db": ["mime-db@1.52.0", "", {}, "sha512-sPU4uV7dYlvtWJxwwxHD0PuihVNiE7TyAbQ5SWxDCB9mUYvOgroQOwYQQOKPJ8CIbE+1ETVlOoK1UC2nU3gYvg=="],

    "mime-types": ["mime-types@2.1.35", "", { "dependencies": { "mime-db": "1.52.0" } }, "sha512-ZDY+bPm5zTTF+YpCrAU9nK0UgICYPT0QtT1NZWFv4s++TNkcgVaT0g6+4R2uI4MjQjzysHB1zxuWL50hzaeXiw=="],

    "minimatch": ["minimatch@10.2.4", "", { "dependencies": { "brace-expansion": "^5.0.2" } }, "sha512-oRjTw/97aTBN0RHbYCdtF1MQfvusSIBQM0IZEgzl6426+8jSC0nF1a/GmnVLpfB9yyr6g6FTqWqiZVbxrtaCIg=="],

    "minio": ["minio@8.0.7", "", { "dependencies": { "async": "^3.2.4", "block-stream2": "^2.1.0", "browser-or-node": "^2.1.1", "buffer-crc32": "^1.0.0", "eventemitter3": "^5.0.1", "fast-xml-parser": "^5.3.4", "ipaddr.js": "^2.0.1", "lodash": "^4.17.21", "mime-types": "^2.1.35", "query-string": "^7.1.3", "stream-json": "^1.8.0", "through2": "^4.0.2", "xml2js": "^0.5.0 || ^0.6.2" } }, "sha512-E737MgufW8CeQAsTAtnEMrxZ9scMSf29kkhZoXzDTKj/Jszzo2SfeZUH9wbDQH2Rsq6TCtl/yQL0+XdVKZansQ=="],

    "module-details-from-path": ["module-details-from-path@1.0.4", "", {}, "sha512-EGWKgxALGMgzvxYF1UyGTy0HXX/2vHLkw6+NvDKW2jypWbHpjQuj4UMcqQWXHERJhVGKikolT06G3bcKe4fi7w=="],

    "ms": ["ms@2.1.3", "", {}, "sha512-6FlzubTLZG3J2a/NVCAleEhjzq5oxgHyaCU9yYXvcLsvoVaHJq/s5xXI6/XXP6tz7R9xAOtHnSO/tXtF3WRTlA=="],

    "on-exit-leak-free": ["on-exit-leak-free@2.1.2", "", {}, "sha512-0eJJY6hXLGf1udHwfNftBqH+g73EU4B504nZeKpz1sYRKafAghwxEJunB2O7rDZkL4PGfsMVnTXZ2EjibbqcsA=="],

    "path-expression-matcher": ["path-expression-matcher@1.2.0", "", {}, "sha512-DwmPWeFn+tq7TiyJ2CxezCAirXjFxvaiD03npak3cRjlP9+OjTmSy1EpIrEbh+l6JgUundniloMLDQ/6VTdhLQ=="],

    "pg-int8": ["pg-int8@1.0.1", "", {}, "sha512-WCtabS6t3c8SkpDBUlb1kjOs7l66xsGdKpIPZsg4wR+B3+u9UAum2odSsF9tnvxg80h4ZxLWMy4pRjOsFIqQpw=="],

    "pg-protocol": ["pg-protocol@1.13.0", "", {}, "sha512-zzdvXfS6v89r6v7OcFCHfHlyG/wvry1ALxZo4LqgUoy7W9xhBDMaqOuMiF3qEV45VqsN6rdlcehHrfDtlCPc8w=="],

    "pg-types": ["pg-types@2.2.0", "", { "dependencies": { "pg-int8": "1.0.1", "postgres-array": "~2.0.0", "postgres-bytea": "~1.0.0", "postgres-date": "~1.0.4", "postgres-interval": "^1.1.0" } }, "sha512-qTAAlrEsl8s4OiEQY69wDvcMIdQN6wdz5ojQiOy6YRMuynxenON0O5oCpJI6lshc6scgAY8qvJ2On/p+CXY0GA=="],

    "pino": ["pino@10.3.1", "", { "dependencies": { "@pinojs/redact": "^0.4.0", "atomic-sleep": "^1.0.0", "on-exit-leak-free": "^2.1.0", "pino-abstract-transport": "^3.0.0", "pino-std-serializers": "^7.0.0", "process-warning": "^5.0.0", "quick-format-unescaped": "^4.0.3", "real-require": "^0.2.0", "safe-stable-stringify": "^2.3.1", "sonic-boom": "^4.0.1", "thread-stream": "^4.0.0" }, "bin": { "pino": "bin.js" } }, "sha512-r34yH/GlQpKZbU1BvFFqOjhISRo1MNx1tWYsYvmj6KIRHSPMT2+yHOEb1SG6NMvRoHRF0a07kCOox/9yakl1vg=="],

    "pino-abstract-transport": ["pino-abstract-transport@3.0.0", "", { "dependencies": { "split2": "^4.0.0" } }, "sha512-wlfUczU+n7Hy/Ha5j9a/gZNy7We5+cXp8YL+X+PG8S0KXxw7n/JXA3c46Y0zQznIJ83URJiwy7Lh56WLokNuxg=="],

    "pino-std-serializers": ["pino-std-serializers@7.1.0", "", {}, "sha512-BndPH67/JxGExRgiX1dX0w1FvZck5Wa4aal9198SrRhZjH3GxKQUKIBnYJTdj2HDN3UQAS06HlfcSbQj2OHmaw=="],

    "postgres-array": ["postgres-array@2.0.0", "", {}, "sha512-VpZrUqU5A69eQyW2c5CA1jtLecCsN2U/bD6VilrFDWq5+5UIEVO7nazS3TEcHf1zuPYO/sqGvUvW62g86RXZuA=="],

    "postgres-bytea": ["postgres-bytea@1.0.1", "", {}, "sha512-5+5HqXnsZPE65IJZSMkZtURARZelel2oXUEO8rH83VS/hxH5vv1uHquPg5wZs8yMAfdv971IU+kcPUczi7NVBQ=="],

    "postgres-date": ["postgres-date@1.0.7", "", {}, "sha512-suDmjLVQg78nMK2UZ454hAG+OAW+HQPZ6n++TNDUX+L0+uUlLywnoxJKDou51Zm+zTCjrCl0Nq6J9C5hP9vK/Q=="],

    "postgres-interval": ["postgres-interval@1.2.0", "", { "dependencies": { "xtend": "^4.0.0" } }, "sha512-9ZhXKM/rw350N1ovuWHbGxnGh/SNJ4cnxHiM0rxE4VN41wsg8P8zWn9hv/buK00RP4WvlOyr/RBDiptyxVbkZQ=="],

    "process-warning": ["process-warning@5.0.0", "", {}, "sha512-a39t9ApHNx2L4+HBnQKqxxHNs1r7KF+Intd8Q/g1bUh6q0WIp9voPXJ/x0j+ZL45KF1pJd9+q2jLIRMfvEshkA=="],

    "query-string": ["query-string@7.1.3", "", { "dependencies": { "decode-uri-component": "^0.2.2", "filter-obj": "^1.1.0", "split-on-first": "^1.0.0", "strict-uri-encode": "^2.0.0" } }, "sha512-hh2WYhq4fi8+b+/2Kg9CEge4fDPvHS534aOOvOZeQ3+Vf2mCFsaFBYj0i+iXcAq6I9Vzp5fjMFBlONvayDC1qg=="],

    "quick-format-unescaped": ["quick-format-unescaped@4.0.4", "", {}, "sha512-tYC1Q1hgyRuHgloV/YXs2w15unPVh8qfu/qCTfhTYamaw7fyhumKa2yGpdSo87vY32rIclj+4fWYQXUMs9EHvg=="],

    "readable-stream": ["readable-stream@3.6.2", "", { "dependencies": { "inherits": "^2.0.3", "string_decoder": "^1.1.1", "util-deprecate": "^1.0.1" } }, "sha512-9u/sniCrY3D5WdsERHzHE4G2YCXqoG5FTHUiCC4SIbr6XcLZBY05ya9EKjYek9O5xOAwjGq+1JdGBAS7Q9ScoA=="],

    "real-require": ["real-require@0.2.0", "", {}, "sha512-57frrGM/OCTLqLOAh0mhVA9VBMHd+9U7Zb2THMGdBUoZVOtGbJzjxsYGDJ3A9AYYCP4hn6y1TVbaOfzWtm5GFg=="],

    "require-in-the-middle": ["require-in-the-middle@8.0.1", "", { "dependencies": { "debug": "^4.3.5", "module-details-from-path": "^1.0.3" } }, "sha512-QT7FVMXfWOYFbeRBF6nu+I6tr2Tf3u0q8RIEjNob/heKY/nh7drD/k7eeMFmSQgnTtCzLDcCu/XEnpW2wk4xCQ=="],

    "safe-buffer": ["safe-buffer@5.2.1", "", {}, "sha512-rp3So07KcdmmKbGvgaNxQSJr7bGVSVk5S9Eq1F+ppbRo70+YeaDxkw5Dd8NPN+GD6bjnYm2VuPuCXmpuYvmCXQ=="],

    "safe-stable-stringify": ["safe-stable-stringify@2.5.0", "", {}, "sha512-b3rppTKm9T+PsVCBEOUR46GWI7fdOs00VKZ1+9c1EWDaDMvjQc6tUwuFyIprgGgTcWoVHSKrU8H31ZHA2e0RHA=="],

    "sax": ["sax@1.6.0", "", {}, "sha512-6R3J5M4AcbtLUdZmRv2SygeVaM7IhrLXu9BmnOGmmACak8fiUtOsYNWUS4uK7upbmHIBbLBeFeI//477BKLBzA=="],

    "sonic-boom": ["sonic-boom@4.2.1", "", { "dependencies": { "atomic-sleep": "^1.0.0" } }, "sha512-w6AxtubXa2wTXAUsZMMWERrsIRAdrK0Sc+FUytWvYAhBJLyuI4llrMIC1DtlNSdI99EI86KZum2MMq3EAZlF9Q=="],

    "split-on-first": ["split-on-first@1.1.0", "", {}, "sha512-43ZssAJaMusuKWL8sKUBQXHWOpq8d6CfN/u1p4gUzfJkM05C8rxTmYrkIPTXapZpORA6LkkzcUulJ8FqA7Uudw=="],

    "split2": ["split2@4.2.0", "", {}, "sha512-UcjcJOWknrNkF6PLX83qcHM6KHgVKNkV62Y8a5uYDVv9ydGQVwAHMKqHdJje1VTWpljG0WYpCDhrCdAOYH4TWg=="],

    "stream-chain": ["stream-chain@2.2.5", "", {}, "sha512-1TJmBx6aSWqZ4tx7aTpBDXK0/e2hhcNSTV8+CbFJtDjbb+I1mZ8lHit0Grw9GRT+6JbIrrDd8esncgBi8aBXGA=="],

    "stream-json": ["stream-json@1.9.1", "", { "dependencies": { "stream-chain": "^2.2.5" } }, "sha512-uWkjJ+2Nt/LO9Z/JyKZbMusL8Dkh97uUBTv3AJQ74y07lVahLY4eEFsPsE97pxYBwr8nnjMAIch5eqI0gPShyw=="],

    "strict-uri-encode": ["strict-uri-encode@2.0.0", "", {}, "sha512-QwiXZgpRcKkhTj2Scnn++4PKtWsH0kpzZ62L2R6c/LUVYv7hVnZqcg2+sMuT6R7Jusu1vviK/MFsu6kNJfWlEQ=="],

    "string_decoder": ["string_decoder@1.3.0", "", { "dependencies": { "safe-buffer": "~5.2.0" } }, "sha512-hkRX8U1WjJFd8LsDJ2yQ/wWWxaopEsABU1XfkM8A+j0+85JAGppt16cr1Whg6KIbb4okU6Mql6BOj+uup/wKeA=="],

    "strnum": ["strnum@2.2.2", "", {}, "sha512-DnR90I+jtXNSTXWdwrEy9FakW7UX+qUZg28gj5fk2vxxl7uS/3bpI4fjFYVmdK9etptYBPNkpahuQnEwhwECqA=="],

    "thread-stream": ["thread-stream@4.0.0", "", { "dependencies": { "real-require": "^0.2.0" } }, "sha512-4iMVL6HAINXWf1ZKZjIPcz5wYaOdPhtO8ATvZ+Xqp3BTdaqtAwQkNmKORqcIo5YkQqGXq5cwfswDwMqqQNrpJA=="],

    "through2": ["through2@4.0.2", "", { "dependencies": { "readable-stream": "3" } }, "sha512-iOqSav00cVxEEICeD7TjLB1sueEL+81Wpzp2bY17uZjZN0pWZPuo4suZ/61VujxmqSGFfgOcNuTZ85QJwNZQpw=="],

    "undici-types": ["undici-types@7.18.2", "", {}, "sha512-AsuCzffGHJybSaRrmr5eHr81mwJU3kjw6M+uprWvCXiNeN9SOGwQ3Jn8jb8m3Z6izVgknn1R0FTCEAP2QrLY/w=="],

    "util-deprecate": ["util-deprecate@1.0.2", "", {}, "sha512-EPD5q1uXyFxJpCrLnCc1nHnq3gOa6DZBocAIiI2TaSCA7VCJ1UJDMagCzIkXNsUYfD1daK//LTEQ8xiIbrHtcw=="],

    "xml2js": ["xml2js@0.6.2", "", { "dependencies": { "sax": ">=0.6.0", "xmlbuilder": "~11.0.0" } }, "sha512-T4rieHaC1EXcES0Kxxj4JWgaUQHDk+qwHcYOCFHfiwKz7tOVPLq7Hjq9dM1WCMhylqMEfP7hMcOIChvotiZegA=="],

    "xmlbuilder": ["xmlbuilder@11.0.1", "", {}, "sha512-fDlsI/kFEx7gLvbecc0/ohLG50fugQp8ryHzMTuW9vSa1GJ0XYWKnhsUx7oie3G98+r56aTQIUB4kht42R3JvA=="],

    "xtend": ["xtend@4.0.2", "", {}, "sha512-LKYU1iAXJXUgAXn9URjiu+MWhyUXHsvfp7mcuYm9dSUKK0/CjtrUwFAxD82/mCWbtLsGjFIad0wIsod4zrTAEQ=="],

    "@fastify/otel/@opentelemetry/instrumentation": ["@opentelemetry/instrumentation@0.212.0", "", { "dependencies": { "@opentelemetry/api-logs": "0.212.0", "import-in-the-middle": "^2.0.6", "require-in-the-middle": "^8.0.0" }, "peerDependencies": { "@opentelemetry/api": "^1.3.0" } }, "sha512-IyXmpNnifNouMOe0I/gX7ENfv2ZCNdYTF0FpCsoBcpbIHzk81Ww9rQTYTnvghszCg7qGrIhNvWC8dhEifgX9Jg=="],

    "@prisma/instrumentation/@opentelemetry/instrumentation": ["@opentelemetry/instrumentation@0.207.0", "", { "dependencies": { "@opentelemetry/api-logs": "0.207.0", "import-in-the-middle": "^2.0.0", "require-in-the-middle": "^8.0.0" }, "peerDependencies": { "@opentelemetry/api": "^1.3.0" } }, "sha512-y6eeli9+TLKnznrR8AZlQMSJT7wILpXH+6EYq5Vf/4Ao+huI7EedxQHwRgVUOMLFbe7VFDvHJrX9/f4lcwnJsA=="],

    "@fastify/otel/@opentelemetry/instrumentation/@opentelemetry/api-logs": ["@opentelemetry/api-logs@0.212.0", "", { "dependencies": { "@opentelemetry/api": "^1.3.0" } }, "sha512-TEEVrLbNROUkYY51sBJGk7lO/OLjuepch8+hmpM6ffMJQ2z/KVCjdHuCFX6fJj8OkJP2zckPjrJzQtXU3IAsFg=="],

    "@fastify/otel/@opentelemetry/instrumentation/import-in-the-middle": ["import-in-the-middle@2.0.6", "", { "dependencies": { "acorn": "^8.15.0", "acorn-import-attributes": "^1.9.5", "cjs-module-lexer": "^2.2.0", "module-details-from-path": "^1.0.4" } }, "sha512-3vZV3jX0XRFW3EJDTwzWoZa+RH1b8eTTx6YOCjglrLyPuepwoBti1k3L2dKwdCUrnVEfc5CuRuGstaC/uQJJaw=="],

    "@prisma/instrumentation/@opentelemetry/instrumentation/@opentelemetry/api-logs": ["@opentelemetry/api-logs@0.207.0", "", { "dependencies": { "@opentelemetry/api": "^1.3.0" } }, "sha512-lAb0jQRVyleQQGiuuvCOTDVspc14nx6XJjP4FspJ1sNARo3Regq4ZZbrc3rN4b1TYSuUCvgH+UXUPug4SLOqEQ=="],

    "@prisma/instrumentation/@opentelemetry/instrumentation/import-in-the-middle": ["import-in-the-middle@2.0.6", "", { "dependencies": { "acorn": "^8.15.0", "acorn-import-attributes": "^1.9.5", "cjs-module-lexer": "^2.2.0", "module-details-from-path": "^1.0.4" } }, "sha512-3vZV3jX0XRFW3EJDTwzWoZa+RH1b8eTTx6YOCjglrLyPuepwoBti1k3L2dKwdCUrnVEfc5CuRuGstaC/uQJJaw=="],
  }
}
